{
  "object": {
    "pins": [
      {
        "package": "Cryptor",
        "repositoryURL": "https://github.com/IBM-Swift/BlueCryptor.git",
        "state": {
          "branch": null,
          "revision": "12d2bf3ec7207ec3cd004b9582f69ef5fae1da3b",
          "version": "1.0.32"
        }
      },
      {
        "package": "SmokeAWS",
        "repositoryURL": "https://github.com/amzn/smoke-aws.git",
        "state": {
          "branch": null,
          "revision": "422976305717430c8b5679779ef7b4ef419da2a1",
          "version": "2.0.0-alpha.2"
        }
      },
      {
        "package": "SmokeHTTP",
        "repositoryURL": "https://github.com/amzn/smoke-http.git",
        "state": {
          "branch": null,
          "revision": "705a512220e9308c3268e85ea4db8535b54294eb",
          "version": "2.0.0-alpha.4"
        }
      },
      {
        "package": "swift-log",
        "repositoryURL": "https://github.com/apple/swift-log.git",
        "state": {
          "branch": null,
          "revision": "74d7b91ceebc85daf387ebb206003f78813f71aa",
          "version": "1.2.0"
        }
      },
      {
        "package": "swift-metrics",
        "repositoryURL": "https://github.com/apple/swift-metrics.git",
        "state": {
          "branch": null,
          "revision": "09b72f68ed9b01b614c12855fc7e22876b97a97e",
          "version": "1.2.1"
        }
      },
      {
        "package": "swift-nio",
        "repositoryURL": "https://github.com/apple/swift-nio.git",
        "state": {
          "branch": null,
          "revision": "16ab4d657e1ad4e77bd5f8b94af8538561643053",
          "version": "2.14.0"
        }
      },
      {
        "package": "swift-nio-ssl",
        "repositoryURL": "https://github.com/apple/swift-nio-ssl.git",
        "state": {
          "branch": null,
          "revision": "af46d9b58fafbb76f9b01177568d435a1b024f99",
          "version": "2.6.2"
        }
      },
      {
        "package": "XMLCoding",
        "repositoryURL": "https://github.com/LiveUI/XMLCoding.git",
        "state": {
          "branch": null,
          "revision": "f0fbfe17e73f329e13a6133ff5437f7b174049fd",
          "version": "0.4.1"
        }
      }
    ]
  },
  "version": 1
}
